
Microsoft Visual Studio Solution File, Format Version 12.00
# Visual Studio 15
VisualStudioVersion = 15.0.28010.2050
MinimumVisualStudioVersion = 10.0.40219.1
Project("{FAE04EC0-301F-11D3-BF4B-00C04F79EFBC}") = "LongModularArithmetic", "LongModularArithmetic\LongModularArithmetic.csproj", "{975AFFC1-FB1A-4CE2-A9BF-3FB985EE90D1}"
EndProject
Global
	GlobalSection(SolutionConfigurationPlatforms) = preSolution
		Debug|Any CPU = Debug|Any CPU
		Release|Any CPU = Release|Any CPU
	EndGlobalSection
	GlobalSection(ProjectConfigurationPlatforms) = postSolution
		{975AFFC1-FB1A-4CE2-A9BF-3FB985EE90D1}.Debug|Any CPU.ActiveCfg = Debug|Any CPU
		{975AFFC1-FB1A-4CE2-A9BF-3FB985EE90D1}.Debug|Any CPU.Build.0 = Debug|Any CPU
		{975AFFC1-FB1A-4CE2-A9BF-3FB985EE90D1}.Release|Any CPU.ActiveCfg = Release|Any CPU
		{975AFFC1-FB1A-4CE2-A9BF-3FB985EE90D1}.Release|Any CPU.Build.0 = Release|Any CPU
	EndGlobalSection
	GlobalSection(SolutionProperties) = preSolution
		HideSolutionNode = FALSE
	EndGlobalSection
	GlobalSection(ExtensibilityGlobals) = postSolution
		SolutionGuid = {40DAE296-ED55-4A33-BA95-15BD14153672}
	EndGlobalSection
EndGlobal
